
Microsoft Visual Studio Solution File, Format Version 12.00
# Visual Studio Version 17
VisualStudioVersion = 17.7.34018.315
MinimumVisualStudioVersion = 10.0.40219.1
Project("{FAE04EC0-301F-11D3-BF4B-00C04F79EFBC}") = "inlämning4.4", "inlämning4.4\inlämning4.4.csproj", "{17F7818A-198D-441D-91BE-B7808723D54F}"
EndProject
Global
	GlobalSection(SolutionConfigurationPlatforms) = preSolution
		Debug|Any CPU = Debug|Any CPU
		Release|Any CPU = Release|Any CPU
	EndGlobalSection
	GlobalSection(ProjectConfigurationPlatforms) = postSolution
		{17F7818A-198D-441D-91BE-B7808723D54F}.Debug|Any CPU.ActiveCfg = Debug|Any CPU
		{17F7818A-198D-441D-91BE-B7808723D54F}.Debug|Any CPU.Build.0 = Debug|Any CPU
		{17F7818A-198D-441D-91BE-B7808723D54F}.Release|Any CPU.ActiveCfg = Release|Any CPU
		{17F7818A-198D-441D-91BE-B7808723D54F}.Release|Any CPU.Build.0 = Release|Any CPU
	EndGlobalSection
	GlobalSection(SolutionProperties) = preSolution
		HideSolutionNode = FALSE
	EndGlobalSection
	GlobalSection(ExtensibilityGlobals) = postSolution
		SolutionGuid = {07B18D17-CE80-4D4E-AB46-CFEEA093EB40}
	EndGlobalSection
EndGlobal
